<?xml version="1.0" encoding="UTF-8" standalone="yes" ?>
<CodeBlocks_project_file>
	<FileVersion major="1" minor="6" />
	<Project>
		<Option title="Bariciv" />
		<Option pch_mode="2" />
		<Option compiler="gcc" />
		<Build>
			<Target title="Debug">
				<Option output="bin/Debug/Bariciv" prefix_auto="1" extension_auto="1" />
				<Option object_output="obj/Debug/" />
				<Option type="1" />
				<Option compiler="gcc" />
				<Compiler>
					<Add option="-g" />
					<Add directory="include" />
				</Compiler>
			</Target>
			<Target title="Release">
				<Option output="bin/Release/Bariciv" prefix_auto="1" extension_auto="1" />
				<Option object_output="obj/Release/" />
				<Option type="1" />
				<Option compiler="gcc" />
				<Compiler>
					<Add option="-O2" />
					<Add directory="include" />
				</Compiler>
				<Linker>
					<Add option="-s" />
				</Linker>
			</Target>
		</Build>
		<Compiler>
			<Add option="-Wall" />
			<Add option="-fexceptions" />
		</Compiler>
		<Unit filename="include/Combat.h" />
		<Unit filename="include/ConsoleUI.h" />
		<Unit filename="include/Display.h" />
		<Unit filename="include/Faction.h" />
		<Unit filename="include/Faggot.h" />
		<Unit filename="include/Map.h" />
		<Unit filename="include/Tile.h" />
		<Unit filename="include/commandparser.h" />
		<Unit filename="include/movecom.h" />
		<Unit filename="main.cpp" />
		<Unit filename="src/Combat.cpp" />
		<Unit filename="src/ConsoleUI.cpp" />
		<Unit filename="src/Display.cpp" />
		<Unit filename="src/Faction.cpp" />
		<Unit filename="src/Faggot.cpp" />
		<Unit filename="src/Map.cpp" />
		<Unit filename="src/Tile.cpp" />
		<Unit filename="src/commandparser.cpp" />
		<Unit filename="src/movecom.cpp" />
		<Extensions>
			<code_completion />
			<debugger />
		</Extensions>
	</Project>
</CodeBlocks_project_file>
